<?xml version="1.0" encoding="utf-8"?>
<Project ToolsVersion="4.0" xmlns="http://schemas.microsoft.com/developer/msbuild/2003">
  <ItemGroup>
    <Filter Include="Source Files">
      <UniqueIdentifier>{4FC737F1-C7A5-4376-A066-2A32D752A2FF}</UniqueIdentifier>
      <Extensions>cpp;c;cc;cxx;def;odl;idl;hpj;bat;asm;asmx</Extensions>
    </Filter>
    <Filter Include="Header Files">
      <UniqueIdentifier>{93995380-89BD-4b04-88EB-625FBE52EBFB}</UniqueIdentifier>
      <Extensions>h;hpp;hxx;hm;inl;inc;xsd</Extensions>
    </Filter>
    <Filter Include="Geom">
      <UniqueIdentifier>{f8ac0ecc-aee4-4eb6-a4a4-ad0736a18252}</UniqueIdentifier>
    </Filter>
  </ItemGroup>
  <ItemGroup>
    <ClCompile Include="..\edge.cpp">
      <Filter>Source Files</Filter>
    </ClCompile>
    <ClCompile Include="..\EDList.cpp">
      <Filter>Source Files</Filter>
    </ClCompile>
    <ClCompile Include="..\face.cpp">
      <Filter>Source Files</Filter>
    </ClCompile>
    <ClCompile Include="..\mesh_api.cpp">
      <Filter>Source Files</Filter>
    </ClCompile>
    <ClCompile Include="..\PSMesh.cpp">
      <Filter>Source Files</Filter>
    </ClCompile>
    <ClCompile Include="..\vertex.cpp">
      <Filter>Source Files</Filter>
    </ClCompile>
    <ClCompile Include="..\region.cpp">
      <Filter>Source Files</Filter>
    </ClCompile>
    <ClCompile Include="..\Matrix.cpp">
      <Filter>Source Files</Filter>
    </ClCompile>
    <ClCompile Include="..\Quat.cpp">
      <Filter>Source Files</Filter>
    </ClCompile>
    <ClCompile Include="..\geo\curve.cpp">
      <Filter>Geom</Filter>
    </ClCompile>
    <ClCompile Include="..\geo\curveSmoother.cpp">
      <Filter>Geom</Filter>
    </ClCompile>
    <ClCompile Include="..\geo\farin_bspl.cpp">
      <Filter>Geom</Filter>
    </ClCompile>
    <ClCompile Include="..\geo\farin_csplinterp.cpp">
      <Filter>Geom</Filter>
    </ClCompile>
    <ClCompile Include="..\geo\bsurface.cpp">
      <Filter>Geom</Filter>
    </ClCompile>
    <ClCompile Include="..\geo\bbody.cpp">
      <Filter>Geom</Filter>
    </ClCompile>
  </ItemGroup>
  <ItemGroup>
    <ClInclude Include="..\edge.h">
      <Filter>Header Files</Filter>
    </ClInclude>
    <ClInclude Include="..\EDItemBase.h">
      <Filter>Header Files</Filter>
    </ClInclude>
    <ClInclude Include="..\EDList.h">
      <Filter>Header Files</Filter>
    </ClInclude>
    <ClInclude Include="..\entity.h">
      <Filter>Header Files</Filter>
    </ClInclude>
    <ClInclude Include="..\face.h">
      <Filter>Header Files</Filter>
    </ClInclude>
    <ClInclude Include="..\mesh_api.h">
      <Filter>Header Files</Filter>
    </ClInclude>
    <ClInclude Include="..\PSMesh.h">
      <Filter>Header Files</Filter>
    </ClInclude>
    <ClInclude Include="..\typedef.h">
      <Filter>Header Files</Filter>
    </ClInclude>
    <ClInclude Include="..\vertex.h">
      <Filter>Header Files</Filter>
    </ClInclude>
    <ClInclude Include="..\region.h">
      <Filter>Header Files</Filter>
    </ClInclude>
    <ClInclude Include="..\Matrix.h">
      <Filter>Header Files</Filter>
    </ClInclude>
    <ClInclude Include="..\Vec3d.h">
      <Filter>Header Files</Filter>
    </ClInclude>
    <ClInclude Include="..\Quat.h">
      <Filter>Header Files</Filter>
    </ClInclude>
    <ClInclude Include="..\geo\curve.h">
      <Filter>Geom</Filter>
    </ClInclude>
    <ClInclude Include="..\geo\curveSmoother.h">
      <Filter>Geom</Filter>
    </ClInclude>
    <ClInclude Include="..\geo\farin.h">
      <Filter>Geom</Filter>
    </ClInclude>
    <ClInclude Include="..\geo\bsurface.h">
      <Filter>Geom</Filter>
    </ClInclude>
    <ClInclude Include="..\geo\bbody.h">
      <Filter>Geom</Filter>
    </ClInclude>
  </ItemGroup>
</Project>